
Microsoft Visual Studio Solution File, Format Version 12.00
# Visual Studio Version 17
VisualStudioVersion = 17.3.32901.215
MinimumVisualStudioVersion = 10.0.40219.1
Project("{FAE04EC0-301F-11D3-BF4B-00C04F79EFBC}") = "ProjectDiary", "ProjectDiary\ProjectDiary.csproj", "{7035F7B5-A2C7-458E-A871-DC5AC5506A0A}"
EndProject
Global
	GlobalSection(SolutionConfigurationPlatforms) = preSolution
		Debug|Any CPU = Debug|Any CPU
		Release|Any CPU = Release|Any CPU
	EndGlobalSection
	GlobalSection(ProjectConfigurationPlatforms) = postSolution
		{7035F7B5-A2C7-458E-A871-DC5AC5506A0A}.Debug|Any CPU.ActiveCfg = Debug|Any CPU
		{7035F7B5-A2C7-458E-A871-DC5AC5506A0A}.Debug|Any CPU.Build.0 = Debug|Any CPU
		{7035F7B5-A2C7-458E-A871-DC5AC5506A0A}.Release|Any CPU.ActiveCfg = Release|Any CPU
		{7035F7B5-A2C7-458E-A871-DC5AC5506A0A}.Release|Any CPU.Build.0 = Release|Any CPU
	EndGlobalSection
	GlobalSection(SolutionProperties) = preSolution
		HideSolutionNode = FALSE
	EndGlobalSection
	GlobalSection(ExtensibilityGlobals) = postSolution
		SolutionGuid = {6CF84C1F-C12A-456E-A42C-A99C9FAB55A7}
	EndGlobalSection
EndGlobal
